
Microsoft Visual Studio Solution File, Format Version 12.00
# Visual Studio Version 16
VisualStudioVersion = 16.0.33801.447
MinimumVisualStudioVersion = 10.0.40219.1
Project("{FAE04EC0-301F-11D3-BF4B-00C04F79EFBC}") = "Lab3", "Lab3\Lab3.csproj", "{74FF5F8E-2F71-4ED4-AEE6-83ECB260C363}"
EndProject
Project("{FAE04EC0-301F-11D3-BF4B-00C04F79EFBC}") = "Lab2", "Lab2\Lab2.csproj", "{1EFA6856-33DE-404A-94F4-835743A440E7}"
EndProject
Project("{FAE04EC0-301F-11D3-BF4B-00C04F79EFBC}") = "Lab4", "Lab4\Lab4.csproj", "{DA8D9B65-9965-497B-95BC-EBB7EBD80641}"
EndProject
Project("{FAE04EC0-301F-11D3-BF4B-00C04F79EFBC}") = "Tools", "Tools\Tools.csproj", "{AA987DBF-B86F-44C1-A015-CB8C09A3A8DC}"
EndProject
Project("{9A19103F-16F7-4668-BE54-9A1E7A4F7556}") = "Lab5", "Lab5\Lab5.csproj", "{695088C9-9C0D-4D43-BEAE-D68C852A9472}"
EndProject
Project("{9A19103F-16F7-4668-BE54-9A1E7A4F7556}") = "IndTask1", "IndTask1\IndTask1.csproj", "{381158C3-CAD3-4E76-990F-20C4E2238F39}"
EndProject
Project("{FAE04EC0-301F-11D3-BF4B-00C04F79EFBC}") = "Lab6", "Lab6\Lab6.csproj", "{6F8CEC09-E929-4BC8-BC5D-EF75C12B44D0}"
EndProject
Project("{8BC9CEB8-8B4A-11D0-8D11-00A0C91BC942}") = "Lab10", "Lab10\Lab10.vcxproj", "{BBA2F972-2EA2-420F-81BF-8650D339608E}"
EndProject
Project("{8BC9CEB8-8B4A-11D0-8D11-00A0C91BC942}") = "Lab11", "Lab11\Lab11.vcxproj", "{3E0E91CB-50B5-4D73-8D4F-D54B40E4731A}"
EndProject
Project("{8BC9CEB8-8B4A-11D0-8D11-00A0C91BC942}") = "Lab12", "Lab12\Lab12.vcxproj", "{65CE7E1C-1682-470E-AA5A-85B6D4787B14}"
EndProject
Project("{FAE04EC0-301F-11D3-BF4B-00C04F79EFBC}") = "IndTask2", "IndTask2\IndTask2.csproj", "{3F19B353-5FDB-45DF-82B6-A3EA7FD706CC}"
EndProject
Global
	GlobalSection(SolutionConfigurationPlatforms) = preSolution
		Debug|Any CPU = Debug|Any CPU
		Debug|x64 = Debug|x64
		Debug|x86 = Debug|x86
		Release|Any CPU = Release|Any CPU
		Release|x64 = Release|x64
		Release|x86 = Release|x86
	EndGlobalSection
	GlobalSection(ProjectConfigurationPlatforms) = postSolution
		{74FF5F8E-2F71-4ED4-AEE6-83ECB260C363}.Debug|Any CPU.ActiveCfg = Debug|Any CPU
		{74FF5F8E-2F71-4ED4-AEE6-83ECB260C363}.Debug|Any CPU.Build.0 = Debug|Any CPU
		{74FF5F8E-2F71-4ED4-AEE6-83ECB260C363}.Debug|x64.ActiveCfg = Debug|Any CPU
		{74FF5F8E-2F71-4ED4-AEE6-83ECB260C363}.Debug|x64.Build.0 = Debug|Any CPU
		{74FF5F8E-2F71-4ED4-AEE6-83ECB260C363}.Debug|x86.ActiveCfg = Debug|Any CPU
		{74FF5F8E-2F71-4ED4-AEE6-83ECB260C363}.Debug|x86.Build.0 = Debug|Any CPU
		{74FF5F8E-2F71-4ED4-AEE6-83ECB260C363}.Release|Any CPU.ActiveCfg = Release|Any CPU
		{74FF5F8E-2F71-4ED4-AEE6-83ECB260C363}.Release|Any CPU.Build.0 = Release|Any CPU
		{74FF5F8E-2F71-4ED4-AEE6-83ECB260C363}.Release|x64.ActiveCfg = Release|Any CPU
		{74FF5F8E-2F71-4ED4-AEE6-83ECB260C363}.Release|x64.Build.0 = Release|Any CPU
		{74FF5F8E-2F71-4ED4-AEE6-83ECB260C363}.Release|x86.ActiveCfg = Release|Any CPU
		{74FF5F8E-2F71-4ED4-AEE6-83ECB260C363}.Release|x86.Build.0 = Release|Any CPU
		{1EFA6856-33DE-404A-94F4-835743A440E7}.Debug|Any CPU.ActiveCfg = Debug|Any CPU
		{1EFA6856-33DE-404A-94F4-835743A440E7}.Debug|Any CPU.Build.0 = Debug|Any CPU
		{1EFA6856-33DE-404A-94F4-835743A440E7}.Debug|x64.ActiveCfg = Debug|Any CPU
		{1EFA6856-33DE-404A-94F4-835743A440E7}.Debug|x64.Build.0 = Debug|Any CPU
		{1EFA6856-33DE-404A-94F4-835743A440E7}.Debug|x86.ActiveCfg = Debug|Any CPU
		{1EFA6856-33DE-404A-94F4-835743A440E7}.Debug|x86.Build.0 = Debug|Any CPU
		{1EFA6856-33DE-404A-94F4-835743A440E7}.Release|Any CPU.ActiveCfg = Release|Any CPU
		{1EFA6856-33DE-404A-94F4-835743A440E7}.Release|Any CPU.Build.0 = Release|Any CPU
		{1EFA6856-33DE-404A-94F4-835743A440E7}.Release|x64.ActiveCfg = Release|Any CPU
		{1EFA6856-33DE-404A-94F4-835743A440E7}.Release|x64.Build.0 = Release|Any CPU
		{1EFA6856-33DE-404A-94F4-835743A440E7}.Release|x86.ActiveCfg = Release|Any CPU
		{1EFA6856-33DE-404A-94F4-835743A440E7}.Release|x86.Build.0 = Release|Any CPU
		{DA8D9B65-9965-497B-95BC-EBB7EBD80641}.Debug|Any CPU.ActiveCfg = Debug|Any CPU
		{DA8D9B65-9965-497B-95BC-EBB7EBD80641}.Debug|Any CPU.Build.0 = Debug|Any CPU
		{DA8D9B65-9965-497B-95BC-EBB7EBD80641}.Debug|x64.ActiveCfg = Debug|Any CPU
		{DA8D9B65-9965-497B-95BC-EBB7EBD80641}.Debug|x64.Build.0 = Debug|Any CPU
		{DA8D9B65-9965-497B-95BC-EBB7EBD80641}.Debug|x86.ActiveCfg = Debug|Any CPU
		{DA8D9B65-9965-497B-95BC-EBB7EBD80641}.Debug|x86.Build.0 = Debug|Any CPU
		{DA8D9B65-9965-497B-95BC-EBB7EBD80641}.Release|Any CPU.ActiveCfg = Release|Any CPU
		{DA8D9B65-9965-497B-95BC-EBB7EBD80641}.Release|Any CPU.Build.0 = Release|Any CPU
		{DA8D9B65-9965-497B-95BC-EBB7EBD80641}.Release|x64.ActiveCfg = Release|Any CPU
		{DA8D9B65-9965-497B-95BC-EBB7EBD80641}.Release|x64.Build.0 = Release|Any CPU
		{DA8D9B65-9965-497B-95BC-EBB7EBD80641}.Release|x86.ActiveCfg = Release|Any CPU
		{DA8D9B65-9965-497B-95BC-EBB7EBD80641}.Release|x86.Build.0 = Release|Any CPU
		{AA987DBF-B86F-44C1-A015-CB8C09A3A8DC}.Debug|Any CPU.ActiveCfg = Debug|Any CPU
		{AA987DBF-B86F-44C1-A015-CB8C09A3A8DC}.Debug|Any CPU.Build.0 = Debug|Any CPU
		{AA987DBF-B86F-44C1-A015-CB8C09A3A8DC}.Debug|x64.ActiveCfg = Debug|Any CPU
		{AA987DBF-B86F-44C1-A015-CB8C09A3A8DC}.Debug|x64.Build.0 = Debug|Any CPU
		{AA987DBF-B86F-44C1-A015-CB8C09A3A8DC}.Debug|x86.ActiveCfg = Debug|Any CPU
		{AA987DBF-B86F-44C1-A015-CB8C09A3A8DC}.Debug|x86.Build.0 = Debug|Any CPU
		{AA987DBF-B86F-44C1-A015-CB8C09A3A8DC}.Release|Any CPU.ActiveCfg = Release|Any CPU
		{AA987DBF-B86F-44C1-A015-CB8C09A3A8DC}.Release|Any CPU.Build.0 = Release|Any CPU
		{AA987DBF-B86F-44C1-A015-CB8C09A3A8DC}.Release|x64.ActiveCfg = Release|Any CPU
		{AA987DBF-B86F-44C1-A015-CB8C09A3A8DC}.Release|x64.Build.0 = Release|Any CPU
		{AA987DBF-B86F-44C1-A015-CB8C09A3A8DC}.Release|x86.ActiveCfg = Release|Any CPU
		{AA987DBF-B86F-44C1-A015-CB8C09A3A8DC}.Release|x86.Build.0 = Release|Any CPU
		{695088C9-9C0D-4D43-BEAE-D68C852A9472}.Debug|Any CPU.ActiveCfg = Debug|Any CPU
		{695088C9-9C0D-4D43-BEAE-D68C852A9472}.Debug|Any CPU.Build.0 = Debug|Any CPU
		{695088C9-9C0D-4D43-BEAE-D68C852A9472}.Debug|x64.ActiveCfg = Debug|Any CPU
		{695088C9-9C0D-4D43-BEAE-D68C852A9472}.Debug|x64.Build.0 = Debug|Any CPU
		{695088C9-9C0D-4D43-BEAE-D68C852A9472}.Debug|x86.ActiveCfg = Debug|Any CPU
		{695088C9-9C0D-4D43-BEAE-D68C852A9472}.Debug|x86.Build.0 = Debug|Any CPU
		{695088C9-9C0D-4D43-BEAE-D68C852A9472}.Release|Any CPU.ActiveCfg = Release|Any CPU
		{695088C9-9C0D-4D43-BEAE-D68C852A9472}.Release|Any CPU.Build.0 = Release|Any CPU
		{695088C9-9C0D-4D43-BEAE-D68C852A9472}.Release|x64.ActiveCfg = Release|Any CPU
		{695088C9-9C0D-4D43-BEAE-D68C852A9472}.Release|x64.Build.0 = Release|Any CPU
		{695088C9-9C0D-4D43-BEAE-D68C852A9472}.Release|x86.ActiveCfg = Release|Any CPU
		{695088C9-9C0D-4D43-BEAE-D68C852A9472}.Release|x86.Build.0 = Release|Any CPU
		{381158C3-CAD3-4E76-990F-20C4E2238F39}.Debug|Any CPU.ActiveCfg = Debug|Any CPU
		{381158C3-CAD3-4E76-990F-20C4E2238F39}.Debug|Any CPU.Build.0 = Debug|Any CPU
		{381158C3-CAD3-4E76-990F-20C4E2238F39}.Debug|x64.ActiveCfg = Debug|Any CPU
		{381158C3-CAD3-4E76-990F-20C4E2238F39}.Debug|x64.Build.0 = Debug|Any CPU
		{381158C3-CAD3-4E76-990F-20C4E2238F39}.Debug|x86.ActiveCfg = Debug|Any CPU
		{381158C3-CAD3-4E76-990F-20C4E2238F39}.Debug|x86.Build.0 = Debug|Any CPU
		{381158C3-CAD3-4E76-990F-20C4E2238F39}.Release|Any CPU.ActiveCfg = Release|Any CPU
		{381158C3-CAD3-4E76-990F-20C4E2238F39}.Release|Any CPU.Build.0 = Release|Any CPU
		{381158C3-CAD3-4E76-990F-20C4E2238F39}.Release|x64.ActiveCfg = Release|Any CPU
		{381158C3-CAD3-4E76-990F-20C4E2238F39}.Release|x64.Build.0 = Release|Any CPU
		{381158C3-CAD3-4E76-990F-20C4E2238F39}.Release|x86.ActiveCfg = Release|Any CPU
		{381158C3-CAD3-4E76-990F-20C4E2238F39}.Release|x86.Build.0 = Release|Any CPU
		{6F8CEC09-E929-4BC8-BC5D-EF75C12B44D0}.Debug|Any CPU.ActiveCfg = Debug|Any CPU
		{6F8CEC09-E929-4BC8-BC5D-EF75C12B44D0}.Debug|Any CPU.Build.0 = Debug|Any CPU
		{6F8CEC09-E929-4BC8-BC5D-EF75C12B44D0}.Debug|x64.ActiveCfg = Debug|Any CPU
		{6F8CEC09-E929-4BC8-BC5D-EF75C12B44D0}.Debug|x64.Build.0 = Debug|Any CPU
		{6F8CEC09-E929-4BC8-BC5D-EF75C12B44D0}.Debug|x86.ActiveCfg = Debug|Any CPU
		{6F8CEC09-E929-4BC8-BC5D-EF75C12B44D0}.Debug|x86.Build.0 = Debug|Any CPU
		{6F8CEC09-E929-4BC8-BC5D-EF75C12B44D0}.Release|Any CPU.ActiveCfg = Release|Any CPU
		{6F8CEC09-E929-4BC8-BC5D-EF75C12B44D0}.Release|Any CPU.Build.0 = Release|Any CPU
		{6F8CEC09-E929-4BC8-BC5D-EF75C12B44D0}.Release|x64.ActiveCfg = Release|Any CPU
		{6F8CEC09-E929-4BC8-BC5D-EF75C12B44D0}.Release|x64.Build.0 = Release|Any CPU
		{6F8CEC09-E929-4BC8-BC5D-EF75C12B44D0}.Release|x86.ActiveCfg = Release|Any CPU
		{6F8CEC09-E929-4BC8-BC5D-EF75C12B44D0}.Release|x86.Build.0 = Release|Any CPU
		{BBA2F972-2EA2-420F-81BF-8650D339608E}.Debug|Any CPU.ActiveCfg = Debug|x64
		{BBA2F972-2EA2-420F-81BF-8650D339608E}.Debug|Any CPU.Build.0 = Debug|x64
		{BBA2F972-2EA2-420F-81BF-8650D339608E}.Debug|x64.ActiveCfg = Debug|x64
		{BBA2F972-2EA2-420F-81BF-8650D339608E}.Debug|x64.Build.0 = Debug|x64
		{BBA2F972-2EA2-420F-81BF-8650D339608E}.Debug|x86.ActiveCfg = Debug|Win32
		{BBA2F972-2EA2-420F-81BF-8650D339608E}.Debug|x86.Build.0 = Debug|Win32
		{BBA2F972-2EA2-420F-81BF-8650D339608E}.Release|Any CPU.ActiveCfg = Release|x64
		{BBA2F972-2EA2-420F-81BF-8650D339608E}.Release|Any CPU.Build.0 = Release|x64
		{BBA2F972-2EA2-420F-81BF-8650D339608E}.Release|x64.ActiveCfg = Release|x64
		{BBA2F972-2EA2-420F-81BF-8650D339608E}.Release|x64.Build.0 = Release|x64
		{BBA2F972-2EA2-420F-81BF-8650D339608E}.Release|x86.ActiveCfg = Release|Win32
		{BBA2F972-2EA2-420F-81BF-8650D339608E}.Release|x86.Build.0 = Release|Win32
		{3E0E91CB-50B5-4D73-8D4F-D54B40E4731A}.Debug|Any CPU.ActiveCfg = Debug|x64
		{3E0E91CB-50B5-4D73-8D4F-D54B40E4731A}.Debug|Any CPU.Build.0 = Debug|x64
		{3E0E91CB-50B5-4D73-8D4F-D54B40E4731A}.Debug|x64.ActiveCfg = Debug|x64
		{3E0E91CB-50B5-4D73-8D4F-D54B40E4731A}.Debug|x64.Build.0 = Debug|x64
		{3E0E91CB-50B5-4D73-8D4F-D54B40E4731A}.Debug|x86.ActiveCfg = Debug|Win32
		{3E0E91CB-50B5-4D73-8D4F-D54B40E4731A}.Debug|x86.Build.0 = Debug|Win32
		{3E0E91CB-50B5-4D73-8D4F-D54B40E4731A}.Release|Any CPU.ActiveCfg = Release|x64
		{3E0E91CB-50B5-4D73-8D4F-D54B40E4731A}.Release|Any CPU.Build.0 = Release|x64
		{3E0E91CB-50B5-4D73-8D4F-D54B40E4731A}.Release|x64.ActiveCfg = Release|x64
		{3E0E91CB-50B5-4D73-8D4F-D54B40E4731A}.Release|x64.Build.0 = Release|x64
		{3E0E91CB-50B5-4D73-8D4F-D54B40E4731A}.Release|x86.ActiveCfg = Release|Win32
		{3E0E91CB-50B5-4D73-8D4F-D54B40E4731A}.Release|x86.Build.0 = Release|Win32
		{65CE7E1C-1682-470E-AA5A-85B6D4787B14}.Debug|Any CPU.ActiveCfg = Debug|x64
		{65CE7E1C-1682-470E-AA5A-85B6D4787B14}.Debug|Any CPU.Build.0 = Debug|x64
		{65CE7E1C-1682-470E-AA5A-85B6D4787B14}.Debug|x64.ActiveCfg = Debug|x64
		{65CE7E1C-1682-470E-AA5A-85B6D4787B14}.Debug|x64.Build.0 = Debug|x64
		{65CE7E1C-1682-470E-AA5A-85B6D4787B14}.Debug|x86.ActiveCfg = Debug|Win32
		{65CE7E1C-1682-470E-AA5A-85B6D4787B14}.Debug|x86.Build.0 = Debug|Win32
		{65CE7E1C-1682-470E-AA5A-85B6D4787B14}.Release|Any CPU.ActiveCfg = Release|x64
		{65CE7E1C-1682-470E-AA5A-85B6D4787B14}.Release|Any CPU.Build.0 = Release|x64
		{65CE7E1C-1682-470E-AA5A-85B6D4787B14}.Release|x64.ActiveCfg = Release|x64
		{65CE7E1C-1682-470E-AA5A-85B6D4787B14}.Release|x64.Build.0 = Release|x64
		{65CE7E1C-1682-470E-AA5A-85B6D4787B14}.Release|x86.ActiveCfg = Release|Win32
		{65CE7E1C-1682-470E-AA5A-85B6D4787B14}.Release|x86.Build.0 = Release|Win32
		{3F19B353-5FDB-45DF-82B6-A3EA7FD706CC}.Debug|Any CPU.ActiveCfg = Debug|Any CPU
		{3F19B353-5FDB-45DF-82B6-A3EA7FD706CC}.Debug|Any CPU.Build.0 = Debug|Any CPU
		{3F19B353-5FDB-45DF-82B6-A3EA7FD706CC}.Debug|x64.ActiveCfg = Debug|Any CPU
		{3F19B353-5FDB-45DF-82B6-A3EA7FD706CC}.Debug|x64.Build.0 = Debug|Any CPU
		{3F19B353-5FDB-45DF-82B6-A3EA7FD706CC}.Debug|x86.ActiveCfg = Debug|Any CPU
		{3F19B353-5FDB-45DF-82B6-A3EA7FD706CC}.Debug|x86.Build.0 = Debug|Any CPU
		{3F19B353-5FDB-45DF-82B6-A3EA7FD706CC}.Release|Any CPU.ActiveCfg = Release|Any CPU
		{3F19B353-5FDB-45DF-82B6-A3EA7FD706CC}.Release|Any CPU.Build.0 = Release|Any CPU
		{3F19B353-5FDB-45DF-82B6-A3EA7FD706CC}.Release|x64.ActiveCfg = Release|Any CPU
		{3F19B353-5FDB-45DF-82B6-A3EA7FD706CC}.Release|x64.Build.0 = Release|Any CPU
		{3F19B353-5FDB-45DF-82B6-A3EA7FD706CC}.Release|x86.ActiveCfg = Release|Any CPU
		{3F19B353-5FDB-45DF-82B6-A3EA7FD706CC}.Release|x86.Build.0 = Release|Any CPU
	EndGlobalSection
	GlobalSection(SolutionProperties) = preSolution
		HideSolutionNode = FALSE
	EndGlobalSection
	GlobalSection(ExtensibilityGlobals) = postSolution
		SolutionGuid = {88C43000-3DC3-44FE-A518-C39C8731CF4B}
	EndGlobalSection
EndGlobal
